// !$*UTF8*$!
{
	archiveVersion = 1;
	classes = {
	};
	objectVersion = 56;
	objects = {

/* Begin PBXBuildFile section */
		533465482A9D34240080CA30 /* MacOS_Syncraft_Installer_for_CuraApp.swift in Sources */ = {isa = PBXBuildFile; fileRef = 533465472A9D34240080CA30 /* MacOS_Syncraft_Installer_for_CuraApp.swift */; };
		5334654A2A9D34240080CA30 /* ContentView.swift in Sources */ = {isa = PBXBuildFile; fileRef = 533465492A9D34240080CA30 /* ContentView.swift */; };
		5334654C2A9D34250080CA30 /* Assets.xcassets in Resources */ = {isa = PBXBuildFile; fileRef = 5334654B2A9D34250080CA30 /* Assets.xcassets */; };
		5334654F2A9D34250080CA30 /* Preview Assets.xcassets in Resources */ = {isa = PBXBuildFile; fileRef = 5334654E2A9D34250080CA30 /* Preview Assets.xcassets */; };
		5334655D2A9D34AA0080CA30 /* variants in Resources */ = {isa = PBXBuildFile; fileRef = 533465572A9D34A90080CA30 /* variants */; };
		5334655E2A9D34AA0080CA30 /* meshes in Resources */ = {isa = PBXBuildFile; fileRef = 533465582A9D34A90080CA30 /* meshes */; };
		5334655F2A9D34AA0080CA30 /* definitions in Resources */ = {isa = PBXBuildFile; fileRef = 533465592A9D34A90080CA30 /* definitions */; };
		533465602A9D34AA0080CA30 /* extruders in Resources */ = {isa = PBXBuildFile; fileRef = 5334655A2A9D34A90080CA30 /* extruders */; };
		533465612A9D34AA0080CA30 /* materials in Resources */ = {isa = PBXBuildFile; fileRef = 5334655B2A9D34A90080CA30 /* materials */; };
		533465622A9D34AA0080CA30 /* quality in Resources */ = {isa = PBXBuildFile; fileRef = 5334655C2A9D34AA0080CA30 /* quality */; };
		533465652A9D360D0080CA30 /* ApplySyncraft.swift in Sources */ = {isa = PBXBuildFile; fileRef = 533465642A9D360D0080CA30 /* ApplySyncraft.swift */; };
		538873E52A9FB1A8009A8CCB /* Localizable.strings in Resources */ = {isa = PBXBuildFile; fileRef = 538873E72A9FB1A8009A8CCB /* Localizable.strings */; };
		53C7CF0B2A9F974C008F840B /* AlertMessages.swift in Sources */ = {isa = PBXBuildFile; fileRef = 53C7CF0A2A9F974C008F840B /* AlertMessages.swift */; };
/* End PBXBuildFile section */

/* Begin PBXFileReference section */
		533465442A9D34240080CA30 /* MacOS Syncraft Installer for Cura.app */ = {isa = PBXFileReference; explicitFileType = wrapper.application; includeInIndex = 0; path = "MacOS Syncraft Installer for Cura.app"; sourceTree = BUILT_PRODUCTS_DIR; };
		533465472A9D34240080CA30 /* MacOS_Syncraft_Installer_for_CuraApp.swift */ = {isa = PBXFileReference; lastKnownFileType = sourcecode.swift; path = MacOS_Syncraft_Installer_for_CuraApp.swift; sourceTree = "<group>"; };
		533465492A9D34240080CA30 /* ContentView.swift */ = {isa = PBXFileReference; lastKnownFileType = sourcecode.swift; path = ContentView.swift; sourceTree = "<group>"; };
		5334654B2A9D34250080CA30 /* Assets.xcassets */ = {isa = PBXFileReference; lastKnownFileType = folder.assetcatalog; path = Assets.xcassets; sourceTree = "<group>"; };
		5334654E2A9D34250080CA30 /* Preview Assets.xcassets */ = {isa = PBXFileReference; lastKnownFileType = folder.assetcatalog; path = "Preview Assets.xcassets"; sourceTree = "<group>"; };
		533465502A9D34250080CA30 /* MacOS_Syncraft_Installer_for_Cura.entitlements */ = {isa = PBXFileReference; lastKnownFileType = text.plist.entitlements; path = MacOS_Syncraft_Installer_for_Cura.entitlements; sourceTree = "<group>"; };
		533465572A9D34A90080CA30 /* variants */ = {isa = PBXFileReference; lastKnownFileType = folder; path = variants; sourceTree = "<group>"; };
		533465582A9D34A90080CA30 /* meshes */ = {isa = PBXFileReference; lastKnownFileType = folder; path = meshes; sourceTree = "<group>"; };
		533465592A9D34A90080CA30 /* definitions */ = {isa = PBXFileReference; lastKnownFileType = folder; path = definitions; sourceTree = "<group>"; };
		5334655A2A9D34A90080CA30 /* extruders */ = {isa = PBXFileReference; lastKnownFileType = folder; path = extruders; sourceTree = "<group>"; };
		5334655B2A9D34A90080CA30 /* materials */ = {isa = PBXFileReference; lastKnownFileType = folder; path = materials; sourceTree = "<group>"; };
		5334655C2A9D34AA0080CA30 /* quality */ = {isa = PBXFileReference; lastKnownFileType = folder; path = quality; sourceTree = "<group>"; };
		533465642A9D360D0080CA30 /* ApplySyncraft.swift */ = {isa = PBXFileReference; lastKnownFileType = sourcecode.swift; path = ApplySyncraft.swift; sourceTree = "<group>"; };
		538873E62A9FB1A8009A8CCB /* en */ = {isa = PBXFileReference; lastKnownFileType = text.plist.strings; name = en; path = en.lproj/Localizable.strings; sourceTree = "<group>"; };
		538873E92A9FB1ED009A8CCB /* pt-BR */ = {isa = PBXFileReference; lastKnownFileType = text.plist.strings; name = "pt-BR"; path = "pt-BR.lproj/Localizable.strings"; sourceTree = "<group>"; };
		538873EA2A9FB4F6009A8CCB /* ja */ = {isa = PBXFileReference; lastKnownFileType = text.plist.strings; name = ja; path = ja.lproj/Localizable.strings; sourceTree = "<group>"; };
		538873EB2A9FB583009A8CCB /* es */ = {isa = PBXFileReference; lastKnownFileType = text.plist.strings; name = es; path = es.lproj/Localizable.strings; sourceTree = "<group>"; wrapsLines = 0; };
		538873EC2A9FB5F2009A8CCB /* de */ = {isa = PBXFileReference; lastKnownFileType = text.plist.strings; name = de; path = de.lproj/Localizable.strings; sourceTree = "<group>"; };
		538873ED2A9FB662009A8CCB /* pl */ = {isa = PBXFileReference; lastKnownFileType = text.plist.strings; name = pl; path = pl.lproj/Localizable.strings; sourceTree = "<group>"; };
		53C7CF0A2A9F974C008F840B /* AlertMessages.swift */ = {isa = PBXFileReference; lastKnownFileType = sourcecode.swift; path = AlertMessages.swift; sourceTree = "<group>"; };
/* End PBXFileReference section */

/* Begin PBXFrameworksBuildPhase section */
		533465412A9D34240080CA30 /* Frameworks */ = {
			isa = PBXFrameworksBuildPhase;
			buildActionMask = 2147483647;
			files = (
			);
			runOnlyForDeploymentPostprocessing = 0;
		};
/* End PBXFrameworksBuildPhase section */

/* Begin PBXGroup section */
		5334653B2A9D34240080CA30 = {
			isa = PBXGroup;
			children = (
				533465462A9D34240080CA30 /* MacOS Syncraft Installer for Cura */,
				533465452A9D34240080CA30 /* Products */,
			);
			sourceTree = "<group>";
		};
		533465452A9D34240080CA30 /* Products */ = {
			isa = PBXGroup;
			children = (
				533465442A9D34240080CA30 /* MacOS Syncraft Installer for Cura.app */,
			);
			name = Products;
			sourceTree = "<group>";
		};
		533465462A9D34240080CA30 /* MacOS Syncraft Installer for Cura */ = {
			isa = PBXGroup;
			children = (
				533465472A9D34240080CA30 /* MacOS_Syncraft_Installer_for_CuraApp.swift */,
				533465492A9D34240080CA30 /* ContentView.swift */,
				53C7CF0A2A9F974C008F840B /* AlertMessages.swift */,
				538873E72A9FB1A8009A8CCB /* Localizable.strings */,
				533465632A9D35FC0080CA30 /* Scripts */,
				533465562A9D347B0080CA30 /* Resources */,
				5334654B2A9D34250080CA30 /* Assets.xcassets */,
				533465502A9D34250080CA30 /* MacOS_Syncraft_Installer_for_Cura.entitlements */,
				5334654D2A9D34250080CA30 /* Preview Content */,
			);
			path = "MacOS Syncraft Installer for Cura";
			sourceTree = "<group>";
		};
		5334654D2A9D34250080CA30 /* Preview Content */ = {
			isa = PBXGroup;
			children = (
				5334654E2A9D34250080CA30 /* Preview Assets.xcassets */,
			);
			path = "Preview Content";
			sourceTree = "<group>";
		};
		533465562A9D347B0080CA30 /* Resources */ = {
			isa = PBXGroup;
			children = (
				533465592A9D34A90080CA30 /* definitions */,
				5334655A2A9D34A90080CA30 /* extruders */,
				5334655B2A9D34A90080CA30 /* materials */,
				533465582A9D34A90080CA30 /* meshes */,
				5334655C2A9D34AA0080CA30 /* quality */,
				533465572A9D34A90080CA30 /* variants */,
			);
			path = Resources;
			sourceTree = "<group>";
		};
		533465632A9D35FC0080CA30 /* Scripts */ = {
			isa = PBXGroup;
			children = (
				533465642A9D360D0080CA30 /* ApplySyncraft.swift */,
			);
			path = Scripts;
			sourceTree = "<group>";
		};
/* End PBXGroup section */

/* Begin PBXNativeTarget section */
		533465432A9D34240080CA30 /* MacOS Syncraft Installer for Cura */ = {
			isa = PBXNativeTarget;
			buildConfigurationList = 533465532A9D34250080CA30 /* Build configuration list for PBXNativeTarget "MacOS Syncraft Installer for Cura" */;
			buildPhases = (
				533465402A9D34240080CA30 /* Sources */,
				533465412A9D34240080CA30 /* Frameworks */,
				533465422A9D34240080CA30 /* Resources */,
			);
			buildRules = (
			);
			dependencies = (
			);
			name = "MacOS Syncraft Installer for Cura";
			productName = "MacOS Syncraft Installer for Cura";
			productReference = 533465442A9D34240080CA30 /* MacOS Syncraft Installer for Cura.app */;
			productType = "com.apple.product-type.application";
		};
/* End PBXNativeTarget section */

/* Begin PBXProject section */
		5334653C2A9D34240080CA30 /* Project object */ = {
			isa = PBXProject;
			attributes = {
				BuildIndependentTargetsInParallel = 1;
				LastSwiftUpdateCheck = 1430;
				LastUpgradeCheck = 1430;
				TargetAttributes = {
					533465432A9D34240080CA30 = {
						CreatedOnToolsVersion = 14.3.1;
					};
				};
			};
			buildConfigurationList = 5334653F2A9D34240080CA30 /* Build configuration list for PBXProject "MacOS Syncraft Installer for Cura" */;
			compatibilityVersion = "Xcode 14.0";
			developmentRegion = en;
			hasScannedForEncodings = 0;
			knownRegions = (
				en,
				Base,
				"pt-BR",
				ja,
				es,
				de,
				pl,
			);
			mainGroup = 5334653B2A9D34240080CA30;
			productRefGroup = 533465452A9D34240080CA30 /* Products */;
			projectDirPath = "";
			projectRoot = "";
			targets = (
				533465432A9D34240080CA30 /* MacOS Syncraft Installer for Cura */,
			);
		};
/* End PBXProject section */

/* Begin PBXResourcesBuildPhase section */
		533465422A9D34240080CA30 /* Resources */ = {
			isa = PBXResourcesBuildPhase;
			buildActionMask = 2147483647;
			files = (
				533465622A9D34AA0080CA30 /* quality in Resources */,
				5334654F2A9D34250080CA30 /* Preview Assets.xcassets in Resources */,
				533465602A9D34AA0080CA30 /* extruders in Resources */,
				533465612A9D34AA0080CA30 /* materials in Resources */,
				538873E52A9FB1A8009A8CCB /* Localizable.strings in Resources */,
				5334655D2A9D34AA0080CA30 /* variants in Resources */,
				5334655F2A9D34AA0080CA30 /* definitions in Resources */,
				5334654C2A9D34250080CA30 /* Assets.xcassets in Resources */,
				5334655E2A9D34AA0080CA30 /* meshes in Resources */,
			);
			runOnlyForDeploymentPostprocessing = 0;
		};
/* End PBXResourcesBuildPhase section */

/* Begin PBXSourcesBuildPhase section */
		533465402A9D34240080CA30 /* Sources */ = {
			isa = PBXSourcesBuildPhase;
			buildActionMask = 2147483647;
			files = (
				5334654A2A9D34240080CA30 /* ContentView.swift in Sources */,
				533465482A9D34240080CA30 /* MacOS_Syncraft_Installer_for_CuraApp.swift in Sources */,
				53C7CF0B2A9F974C008F840B /* AlertMessages.swift in Sources */,
				533465652A9D360D0080CA30 /* ApplySyncraft.swift in Sources */,
			);
			runOnlyForDeploymentPostprocessing = 0;
		};
/* End PBXSourcesBuildPhase section */

/* Begin PBXVariantGroup section */
		538873E72A9FB1A8009A8CCB /* Localizable.strings */ = {
			isa = PBXVariantGroup;
			children = (
				538873E62A9FB1A8009A8CCB /* en */,
				538873E92A9FB1ED009A8CCB /* pt-BR */,
				538873EA2A9FB4F6009A8CCB /* ja */,
				538873EB2A9FB583009A8CCB /* es */,
				538873EC2A9FB5F2009A8CCB /* de */,
				538873ED2A9FB662009A8CCB /* pl */,
			);
			name = Localizable.strings;
			sourceTree = "<group>";
		};
/* End PBXVariantGroup section */

/* Begin XCBuildConfiguration section */
		533465512A9D34250080CA30 /* Debug */ = {
			isa = XCBuildConfiguration;
			buildSettings = {
				ALWAYS_SEARCH_USER_PATHS = NO;
				CLANG_ANALYZER_LOCALIZABILITY_NONLOCALIZED = YES;
				CLANG_ANALYZER_NONNULL = YES;
				CLANG_ANALYZER_NUMBER_OBJECT_CONVERSION = YES_AGGRESSIVE;
				CLANG_CXX_LANGUAGE_STANDARD = "gnu++20";
				CLANG_ENABLE_MODULES = YES;
				CLANG_ENABLE_OBJC_ARC = YES;
				CLANG_ENABLE_OBJC_WEAK = YES;
				CLANG_WARN_BLOCK_CAPTURE_AUTORELEASING = YES;
				CLANG_WARN_BOOL_CONVERSION = YES;
				CLANG_WARN_COMMA = YES;
				CLANG_WARN_CONSTANT_CONVERSION = YES;
				CLANG_WARN_DEPRECATED_OBJC_IMPLEMENTATIONS = YES;
				CLANG_WARN_DIRECT_OBJC_ISA_USAGE = YES_ERROR;
				CLANG_WARN_DOCUMENTATION_COMMENTS = YES;
				CLANG_WARN_EMPTY_BODY = YES;
				CLANG_WARN_ENUM_CONVERSION = YES;
				CLANG_WARN_INFINITE_RECURSION = YES;
				CLANG_WARN_INT_CONVERSION = YES;
				CLANG_WARN_NON_LITERAL_NULL_CONVERSION = YES;
				CLANG_WARN_OBJC_IMPLICIT_RETAIN_SELF = YES;
				CLANG_WARN_OBJC_LITERAL_CONVERSION = YES;
				CLANG_WARN_OBJC_ROOT_CLASS = YES_ERROR;
				CLANG_WARN_QUOTED_INCLUDE_IN_FRAMEWORK_HEADER = YES;
				CLANG_WARN_RANGE_LOOP_ANALYSIS = YES;
				CLANG_WARN_STRICT_PROTOTYPES = YES;
				CLANG_WARN_SUSPICIOUS_MOVE = YES;
				CLANG_WARN_UNGUARDED_AVAILABILITY = YES_AGGRESSIVE;
				CLANG_WARN_UNREACHABLE_CODE = YES;
				CLANG_WARN__DUPLICATE_METHOD_MATCH = YES;
				COPY_PHASE_STRIP = NO;
				DEBUG_INFORMATION_FORMAT = dwarf;
				ENABLE_STRICT_OBJC_MSGSEND = YES;
				ENABLE_TESTABILITY = YES;
				GCC_C_LANGUAGE_STANDARD = gnu11;
				GCC_DYNAMIC_NO_PIC = NO;
				GCC_NO_COMMON_BLOCKS = YES;
				GCC_OPTIMIZATION_LEVEL = 0;
				GCC_PREPROCESSOR_DEFINITIONS = (
					"DEBUG=1",
					"$(inherited)",
				);
				GCC_WARN_64_TO_32_BIT_CONVERSION = YES;
				GCC_WARN_ABOUT_RETURN_TYPE = YES_ERROR;
				GCC_WARN_UNDECLARED_SELECTOR = YES;
				GCC_WARN_UNINITIALIZED_AUTOS = YES_AGGRESSIVE;
				GCC_WARN_UNUSED_FUNCTION = YES;
				GCC_WARN_UNUSED_VARIABLE = YES;
				MACOSX_DEPLOYMENT_TARGET = 13.0;
				MTL_ENABLE_DEBUG_INFO = INCLUDE_SOURCE;
				MTL_FAST_MATH = YES;
				ONLY_ACTIVE_ARCH = YES;
				SDKROOT = macosx;
				SWIFT_ACTIVE_COMPILATION_CONDITIONS = DEBUG;
				SWIFT_OPTIMIZATION_LEVEL = "-Onone";
			};
			name = Debug;
		};
		533465522A9D34250080CA30 /* Release */ = {
			isa = XCBuildConfiguration;
			buildSettings = {
				ALWAYS_SEARCH_USER_PATHS = NO;
				CLANG_ANALYZER_LOCALIZABILITY_NONLOCALIZED = YES;
				CLANG_ANALYZER_NONNULL = YES;
				CLANG_ANALYZER_NUMBER_OBJECT_CONVERSION = YES_AGGRESSIVE;
				CLANG_CXX_LANGUAGE_STANDARD = "gnu++20";
				CLANG_ENABLE_MODULES = YES;
				CLANG_ENABLE_OBJC_ARC = YES;
				CLANG_ENABLE_OBJC_WEAK = YES;
				CLANG_WARN_BLOCK_CAPTURE_AUTORELEASING = YES;
				CLANG_WARN_BOOL_CONVERSION = YES;
				CLANG_WARN_COMMA = YES;
				CLANG_WARN_CONSTANT_CONVERSION = YES;
				CLANG_WARN_DEPRECATED_OBJC_IMPLEMENTATIONS = YES;
				CLANG_WARN_DIRECT_OBJC_ISA_USAGE = YES_ERROR;
				CLANG_WARN_DOCUMENTATION_COMMENTS = YES;
				CLANG_WARN_EMPTY_BODY = YES;
				CLANG_WARN_ENUM_CONVERSION = YES;
				CLANG_WARN_INFINITE_RECURSION = YES;
				CLANG_WARN_INT_CONVERSION = YES;
				CLANG_WARN_NON_LITERAL_NULL_CONVERSION = YES;
				CLANG_WARN_OBJC_IMPLICIT_RETAIN_SELF = YES;
				CLANG_WARN_OBJC_LITERAL_CONVERSION = YES;
				CLANG_WARN_OBJC_ROOT_CLASS = YES_ERROR;
				CLANG_WARN_QUOTED_INCLUDE_IN_FRAMEWORK_HEADER = YES;
				CLANG_WARN_RANGE_LOOP_ANALYSIS = YES;
				CLANG_WARN_STRICT_PROTOTYPES = YES;
				CLANG_WARN_SUSPICIOUS_MOVE = YES;
				CLANG_WARN_UNGUARDED_AVAILABILITY = YES_AGGRESSIVE;
				CLANG_WARN_UNREACHABLE_CODE = YES;
				CLANG_WARN__DUPLICATE_METHOD_MATCH = YES;
				COPY_PHASE_STRIP = NO;
				DEBUG_INFORMATION_FORMAT = "dwarf-with-dsym";
				ENABLE_NS_ASSERTIONS = NO;
				ENABLE_STRICT_OBJC_MSGSEND = YES;
				GCC_C_LANGUAGE_STANDARD = gnu11;
				GCC_NO_COMMON_BLOCKS = YES;
				GCC_WARN_64_TO_32_BIT_CONVERSION = YES;
				GCC_WARN_ABOUT_RETURN_TYPE = YES_ERROR;
				GCC_WARN_UNDECLARED_SELECTOR = YES;
				GCC_WARN_UNINITIALIZED_AUTOS = YES_AGGRESSIVE;
				GCC_WARN_UNUSED_FUNCTION = YES;
				GCC_WARN_UNUSED_VARIABLE = YES;
				MACOSX_DEPLOYMENT_TARGET = 13.0;
				MTL_ENABLE_DEBUG_INFO = NO;
				MTL_FAST_MATH = YES;
				SDKROOT = macosx;
				SWIFT_COMPILATION_MODE = wholemodule;
				SWIFT_OPTIMIZATION_LEVEL = "-O";
			};
			name = Release;
		};
		533465542A9D34250080CA30 /* Debug */ = {
			isa = XCBuildConfiguration;
			buildSettings = {
				ASSETCATALOG_COMPILER_APPICON_NAME = AppIcon;
				ASSETCATALOG_COMPILER_GLOBAL_ACCENT_COLOR_NAME = AccentColor;
				CODE_SIGN_ENTITLEMENTS = "MacOS Syncraft Installer for Cura/MacOS_Syncraft_Installer_for_Cura.entitlements";
				"CODE_SIGN_IDENTITY[sdk=macosx*]" = "-";
				CODE_SIGN_STYLE = Automatic;
				COMBINE_HIDPI_IMAGES = YES;
				CURRENT_PROJECT_VERSION = 1;
				DEVELOPMENT_ASSET_PATHS = "\"MacOS Syncraft Installer for Cura/Preview Content\"";
				ENABLE_HARDENED_RUNTIME = YES;
				ENABLE_PREVIEWS = YES;
				GENERATE_INFOPLIST_FILE = YES;
				INFOPLIST_KEY_LSApplicationCategoryType = "public.app-category.developer-tools";
				INFOPLIST_KEY_NSHumanReadableCopyright = "";
				LD_RUNPATH_SEARCH_PATHS = (
					"$(inherited)",
					"@executable_path/../Frameworks",
				);
				MACOSX_DEPLOYMENT_TARGET = 13.0;
				MARKETING_VERSION = 1.1;
				PRODUCT_BUNDLE_IDENTIFIER = "Syncraft.MacOS-Syncraft-Installer-for-Cura";
				PRODUCT_NAME = "$(TARGET_NAME)";
				SWIFT_EMIT_LOC_STRINGS = YES;
				SWIFT_VERSION = 5.0;
			};
			name = Debug;
		};
		533465552A9D34250080CA30 /* Release */ = {
			isa = XCBuildConfiguration;
			buildSettings = {
				ASSETCATALOG_COMPILER_APPICON_NAME = AppIcon;
				ASSETCATALOG_COMPILER_GLOBAL_ACCENT_COLOR_NAME = AccentColor;
				CODE_SIGN_ENTITLEMENTS = "MacOS Syncraft Installer for Cura/MacOS_Syncraft_Installer_for_Cura.entitlements";
				"CODE_SIGN_IDENTITY[sdk=macosx*]" = "-";
				CODE_SIGN_STYLE = Automatic;
				COMBINE_HIDPI_IMAGES = YES;
				CURRENT_PROJECT_VERSION = 1;
				DEVELOPMENT_ASSET_PATHS = "\"MacOS Syncraft Installer for Cura/Preview Content\"";
				ENABLE_HARDENED_RUNTIME = YES;
				ENABLE_PREVIEWS = YES;
				GENERATE_INFOPLIST_FILE = YES;
				INFOPLIST_KEY_LSApplicationCategoryType = "public.app-category.developer-tools";
				INFOPLIST_KEY_NSHumanReadableCopyright = "";
				LD_RUNPATH_SEARCH_PATHS = (
					"$(inherited)",
					"@executable_path/../Frameworks",
				);
				MACOSX_DEPLOYMENT_TARGET = 13.0;
				MARKETING_VERSION = 1.1;
				PRODUCT_BUNDLE_IDENTIFIER = "Syncraft.MacOS-Syncraft-Installer-for-Cura";
				PRODUCT_NAME = "$(TARGET_NAME)";
				SWIFT_EMIT_LOC_STRINGS = YES;
				SWIFT_VERSION = 5.0;
			};
			name = Release;
		};
/* End XCBuildConfiguration section */

/* Begin XCConfigurationList section */
		5334653F2A9D34240080CA30 /* Build configuration list for PBXProject "MacOS Syncraft Installer for Cura" */ = {
			isa = XCConfigurationList;
			buildConfigurations = (
				533465512A9D34250080CA30 /* Debug */,
				533465522A9D34250080CA30 /* Release */,
			);
			defaultConfigurationIsVisible = 0;
			defaultConfigurationName = Release;
		};
		533465532A9D34250080CA30 /* Build configuration list for PBXNativeTarget "MacOS Syncraft Installer for Cura" */ = {
			isa = XCConfigurationList;
			buildConfigurations = (
				533465542A9D34250080CA30 /* Debug */,
				533465552A9D34250080CA30 /* Release */,
			);
			defaultConfigurationIsVisible = 0;
			defaultConfigurationName = Release;
		};
/* End XCConfigurationList section */
	};
	rootObject = 5334653C2A9D34240080CA30 /* Project object */;
}
